# This file is generated by running "yarn install" inside your project.
# Manual changes might be lost - proceed with caution!

__metadata:
  version: 8
  cacheKey: 10c0

"@rescript/darwin-arm64@npm:12.0.0-alpha.15":
  version: 12.0.0-alpha.15
  resolution: "@rescript/darwin-arm64@npm:12.0.0-alpha.15"
  conditions: os=darwin & cpu=arm64
  languageName: node
  linkType: hard

"@rescript/darwin-x64@npm:12.0.0-alpha.15":
  version: 12.0.0-alpha.15
  resolution: "@rescript/darwin-x64@npm:12.0.0-alpha.15"
  conditions: os=darwin & cpu=x64
  languageName: node
  linkType: hard

"@rescript/linux-arm64@npm:12.0.0-alpha.15":
  version: 12.0.0-alpha.15
  resolution: "@rescript/linux-arm64@npm:12.0.0-alpha.15"
  conditions: os=linux & cpu=arm64
  languageName: node
  linkType: hard

"@rescript/linux-x64@npm:12.0.0-alpha.15":
  version: 12.0.0-alpha.15
  resolution: "@rescript/linux-x64@npm:12.0.0-alpha.15"
  conditions: os=linux & cpu=x64
  languageName: node
  linkType: hard

"@rescript/win32-x64@npm:12.0.0-alpha.15":
  version: 12.0.0-alpha.15
  resolution: "@rescript/win32-x64@npm:12.0.0-alpha.15"
  conditions: os=win32 & cpu=x64
  languageName: node
  linkType: hard

"@testrepo/compiled-by-legacy@npm:*, @testrepo/compiled-by-legacy@workspace:packages/compiled-by-legacy":
  version: 0.0.0-use.local
  resolution: "@testrepo/compiled-by-legacy@workspace:packages/compiled-by-legacy"
  languageName: unknown
  linkType: soft

"@testrepo/dep01@npm:*, @testrepo/dep01@workspace:packages/dep01":
  version: 0.0.0-use.local
  resolution: "@testrepo/dep01@workspace:packages/dep01"
  dependencies:
    "@testrepo/dep02": "npm:*"
  languageName: unknown
  linkType: soft

"@testrepo/dep02@npm:*, @testrepo/dep02@workspace:packages/dep02":
  version: 0.0.0-use.local
  resolution: "@testrepo/dep02@workspace:packages/dep02"
  languageName: unknown
  linkType: soft

"@testrepo/main@workspace:packages/main":
  version: 0.0.0-use.local
  resolution: "@testrepo/main@workspace:packages/main"
  dependencies:
    "@testrepo/compiled-by-legacy": "npm:*"
    "@testrepo/dep01": "npm:*"
  languageName: unknown
  linkType: soft

"@testrepo/namespace-casing@workspace:packages/namespace-casing":
  version: 0.0.0-use.local
  resolution: "@testrepo/namespace-casing@workspace:packages/namespace-casing"
  languageName: unknown
  linkType: soft

"@testrepo/new-namespace@workspace:packages/new-namespace":
  version: 0.0.0-use.local
  resolution: "@testrepo/new-namespace@workspace:packages/new-namespace"
  languageName: unknown
  linkType: soft

"@testrepo/with-dev-deps@workspace:packages/with-dev-deps":
  version: 0.0.0-use.local
  resolution: "@testrepo/with-dev-deps@workspace:packages/with-dev-deps"
  languageName: unknown
  linkType: soft

"rescript@npm:12.0.0-alpha.15":
  version: 12.0.0-alpha.15
  resolution: "rescript@npm:12.0.0-alpha.15"
  dependencies:
    "@rescript/darwin-arm64": "npm:12.0.0-alpha.15"
    "@rescript/darwin-x64": "npm:12.0.0-alpha.15"
    "@rescript/linux-arm64": "npm:12.0.0-alpha.15"
    "@rescript/linux-x64": "npm:12.0.0-alpha.15"
    "@rescript/win32-x64": "npm:12.0.0-alpha.15"
  dependenciesMeta:
    "@rescript/darwin-arm64":
      optional: true
    "@rescript/darwin-x64":
      optional: true
    "@rescript/linux-arm64":
      optional: true
    "@rescript/linux-x64":
      optional: true
    "@rescript/win32-x64":
      optional: true
  bin:
    bsc: cli/bsc.js
    bstracing: cli/bstracing.js
    rescript: cli/rescript.js
    rescript-legacy: cli/rescript-legacy.js
    rescript-tools: cli/rescript-tools.js
  checksum: 10c0/dbb5f05e5b28d211809a6aca386da37c25542d03f9ca57927a72bb456a392c1fc0383e9c70035d6b32dcbc62ba5ad8d54b831cf88bd95d674d0174fcc6380da7
  languageName: node
  linkType: hard

"testrepo@workspace:.":
  version: 0.0.0-use.local
  resolution: "testrepo@workspace:."
  dependencies:
    rescript: "npm:12.0.0-alpha.15"
  languageName: unknown
  linkType: soft
