# This file is generated by running "yarn install" inside your project.
# Manual changes might be lost - proceed with caution!

__metadata:
  version: 8
  cacheKey: 10c0

"@rescript/darwin-arm64@npm:12.0.0-beta.1":
  version: 12.0.0-beta.1
  resolution: "@rescript/darwin-arm64@npm:12.0.0-beta.1"
  conditions: os=darwin & cpu=arm64
  languageName: node
  linkType: hard

"@rescript/darwin-arm64@npm:12.0.0-beta.3":
  version: 12.0.0-beta.3
  resolution: "@rescript/darwin-arm64@npm:12.0.0-beta.3"
  conditions: os=darwin & cpu=arm64
  languageName: node
  linkType: hard

"@rescript/darwin-x64@npm:12.0.0-beta.1":
  version: 12.0.0-beta.1
  resolution: "@rescript/darwin-x64@npm:12.0.0-beta.1"
  conditions: os=darwin & cpu=x64
  languageName: node
  linkType: hard

"@rescript/darwin-x64@npm:12.0.0-beta.3":
  version: 12.0.0-beta.3
  resolution: "@rescript/darwin-x64@npm:12.0.0-beta.3"
  conditions: os=darwin & cpu=x64
  languageName: node
  linkType: hard

"@rescript/linux-arm64@npm:12.0.0-beta.1":
  version: 12.0.0-beta.1
  resolution: "@rescript/linux-arm64@npm:12.0.0-beta.1"
  conditions: os=linux & cpu=arm64
  languageName: node
  linkType: hard

"@rescript/linux-arm64@npm:12.0.0-beta.3":
  version: 12.0.0-beta.3
  resolution: "@rescript/linux-arm64@npm:12.0.0-beta.3"
  conditions: os=linux & cpu=arm64
  languageName: node
  linkType: hard

"@rescript/linux-x64@npm:12.0.0-beta.1":
  version: 12.0.0-beta.1
  resolution: "@rescript/linux-x64@npm:12.0.0-beta.1"
  conditions: os=linux & cpu=x64
  languageName: node
  linkType: hard

"@rescript/linux-x64@npm:12.0.0-beta.3":
  version: 12.0.0-beta.3
  resolution: "@rescript/linux-x64@npm:12.0.0-beta.3"
  conditions: os=linux & cpu=x64
  languageName: node
  linkType: hard

"@rescript/webapi@npm:0.1.0-experimental-73e6a0d":
  version: 0.1.0-experimental-73e6a0d
  resolution: "@rescript/webapi@npm:0.1.0-experimental-73e6a0d"
  dependencies:
    rescript: "npm:^12.0.0-alpha.13"
  checksum: 10c0/71553ebc51fec9c29ef5d1b4a4f6954cd9e29b622629005e29128504cc5a40d26e50308935b5d2e51c653b61674f096b731615c5c8399bd152517e32824554a8
  languageName: node
  linkType: hard

"@rescript/win32-x64@npm:12.0.0-beta.1":
  version: 12.0.0-beta.1
  resolution: "@rescript/win32-x64@npm:12.0.0-beta.1"
  conditions: os=win32 & cpu=x64
  languageName: node
  linkType: hard

"@rescript/win32-x64@npm:12.0.0-beta.3":
  version: 12.0.0-beta.3
  resolution: "@rescript/win32-x64@npm:12.0.0-beta.3"
  conditions: os=win32 & cpu=x64
  languageName: node
  linkType: hard

"@testrepo/compiled-by-legacy@npm:*, @testrepo/compiled-by-legacy@workspace:packages/compiled-by-legacy":
  version: 0.0.0-use.local
  resolution: "@testrepo/compiled-by-legacy@workspace:packages/compiled-by-legacy"
  languageName: unknown
  linkType: soft

"@testrepo/dep01@npm:*, @testrepo/dep01@workspace:packages/dep01":
  version: 0.0.0-use.local
  resolution: "@testrepo/dep01@workspace:packages/dep01"
  dependencies:
    "@testrepo/dep02": "npm:*"
  languageName: unknown
  linkType: soft

"@testrepo/dep02@npm:*, @testrepo/dep02@workspace:packages/dep02":
  version: 0.0.0-use.local
  resolution: "@testrepo/dep02@workspace:packages/dep02"
  languageName: unknown
  linkType: soft

"@testrepo/deprecated-config@workspace:packages/deprecated-config":
  version: 0.0.0-use.local
  resolution: "@testrepo/deprecated-config@workspace:packages/deprecated-config"
  languageName: unknown
  linkType: soft

"@testrepo/file-casing-no-namespace@workspace:packages/file-casing-no-namespace":
  version: 0.0.0-use.local
  resolution: "@testrepo/file-casing-no-namespace@workspace:packages/file-casing-no-namespace"
  languageName: unknown
  linkType: soft

"@testrepo/file-casing@workspace:packages/file-casing":
  version: 0.0.0-use.local
  resolution: "@testrepo/file-casing@workspace:packages/file-casing"
  languageName: unknown
  linkType: soft

"@testrepo/main@workspace:packages/main":
  version: 0.0.0-use.local
  resolution: "@testrepo/main@workspace:packages/main"
  dependencies:
    "@testrepo/compiled-by-legacy": "npm:*"
    "@testrepo/dep01": "npm:*"
  languageName: unknown
  linkType: soft

"@testrepo/namespace-casing@workspace:packages/namespace-casing":
  version: 0.0.0-use.local
  resolution: "@testrepo/namespace-casing@workspace:packages/namespace-casing"
  languageName: unknown
  linkType: soft

"@testrepo/new-namespace@workspace:packages/new-namespace":
  version: 0.0.0-use.local
  resolution: "@testrepo/new-namespace@workspace:packages/new-namespace"
  languageName: unknown
  linkType: soft

"@testrepo/nohoist@workspace:packages/nohoist":
  version: 0.0.0-use.local
  resolution: "@testrepo/nohoist@workspace:packages/nohoist"
  dependencies:
    rescript: "npm:12.0.0-beta.3"
    rescript-bun: "npm:2.0.1"
  languageName: unknown
  linkType: soft

"@testrepo/nonexisting-dev-files@workspace:packages/nonexisting-dev-files":
  version: 0.0.0-use.local
  resolution: "@testrepo/nonexisting-dev-files@workspace:packages/nonexisting-dev-files"
  languageName: unknown
  linkType: soft

"@testrepo/pure-dev@workspace:packages/pure-dev":
  version: 0.0.0-use.local
  resolution: "@testrepo/pure-dev@workspace:packages/pure-dev"
  languageName: unknown
  linkType: soft

"@testrepo/with-dev-deps@workspace:packages/with-dev-deps":
  version: 0.0.0-use.local
  resolution: "@testrepo/with-dev-deps@workspace:packages/with-dev-deps"
  dependencies:
    "@rescript/webapi": "npm:0.1.0-experimental-73e6a0d"
    rescript-nodejs: "npm:16.1.0"
  languageName: unknown
  linkType: soft

"@testrepo/with-ppx@workspace:packages/with-ppx":
  version: 0.0.0-use.local
  resolution: "@testrepo/with-ppx@workspace:packages/with-ppx"
  dependencies:
    rescript-nodejs: "npm:16.1.0"
    sury: "npm:^11.0.0-alpha.2"
    sury-ppx: "npm:^11.0.0-alpha.2"
  languageName: unknown
  linkType: soft

"rescript-bun@npm:2.0.1":
  version: 2.0.1
  resolution: "rescript-bun@npm:2.0.1"
  peerDependencies:
    rescript: 12.0.0-beta.3
  checksum: 10c0/97fedd71f2706dca0a13084c76cf0f61f7d910cf2e2dfb8dbe33e19d8ad8c5c67aeb25cdf7ab935264fb26e6dda911f1451a370fd7ae10766023c629810d0e36
  languageName: node
  linkType: hard

"rescript-nodejs@npm:16.1.0":
  version: 16.1.0
  resolution: "rescript-nodejs@npm:16.1.0"
  checksum: 10c0/2ea271dbddebdceec79bf5ee6089c15474f2c014cb22c1cc39d43ef27fd363fcb1cd8e1244d0cb998cd6b426d7474e3055e41277951fb01ee1eeecf68bbe01ab
  languageName: node
  linkType: hard

"rescript@npm:12.0.0-beta.1, rescript@npm:^12.0.0-alpha.13":
  version: 12.0.0-beta.1
  resolution: "rescript@npm:12.0.0-beta.1"
  dependencies:
    "@rescript/darwin-arm64": "npm:12.0.0-beta.1"
    "@rescript/darwin-x64": "npm:12.0.0-beta.1"
    "@rescript/linux-arm64": "npm:12.0.0-beta.1"
    "@rescript/linux-x64": "npm:12.0.0-beta.1"
    "@rescript/win32-x64": "npm:12.0.0-beta.1"
  dependenciesMeta:
    "@rescript/darwin-arm64":
      optional: true
    "@rescript/darwin-x64":
      optional: true
    "@rescript/linux-arm64":
      optional: true
    "@rescript/linux-x64":
      optional: true
    "@rescript/win32-x64":
      optional: true
  bin:
    bsc: cli/bsc.js
    bstracing: cli/bstracing.js
    rescript: cli/rescript.js
    rescript-legacy: cli/rescript-legacy.js
    rescript-tools: cli/rescript-tools.js
  checksum: 10c0/ec18e0ccd0791dec7b2bfaa44e0a011e1f171025d0743e06b51f7f4d81c8333bdf3b02f47b72f5b9a5cfa409bdf51e64998833696314e77b6f51afe376a4c3ad
  languageName: node
  linkType: hard

"rescript@npm:12.0.0-beta.3":
  version: 12.0.0-beta.3
  resolution: "rescript@npm:12.0.0-beta.3"
  dependencies:
    "@rescript/darwin-arm64": "npm:12.0.0-beta.3"
    "@rescript/darwin-x64": "npm:12.0.0-beta.3"
    "@rescript/linux-arm64": "npm:12.0.0-beta.3"
    "@rescript/linux-x64": "npm:12.0.0-beta.3"
    "@rescript/win32-x64": "npm:12.0.0-beta.3"
  dependenciesMeta:
    "@rescript/darwin-arm64":
      optional: true
    "@rescript/darwin-x64":
      optional: true
    "@rescript/linux-arm64":
      optional: true
    "@rescript/linux-x64":
      optional: true
    "@rescript/win32-x64":
      optional: true
  bin:
    bsc: cli/bsc.js
    bstracing: cli/bstracing.js
    rescript: cli/rescript.js
    rescript-legacy: cli/rescript-legacy.js
    rescript-tools: cli/rescript-tools.js
  checksum: 10c0/da264d99199f600dcaf78d8907b70200333dc1cc3a45a52f2fa2c72e2f5f393a8dedd01ebbcf46de94cbbe59a997a4685d6e20648739cd2234560cfb94cd7832
  languageName: node
  linkType: hard

"sury-ppx@npm:^11.0.0-alpha.2":
  version: 11.0.0-alpha.2
  resolution: "sury-ppx@npm:11.0.0-alpha.2"
  peerDependencies:
    sury: ^11.0.0-alpha.2
  checksum: 10c0/ae9190fa4e406de46e88b67db233e757db36f5377301227cf5b084b5b81d360725d6fc4781e24c56cb87476cd3a42af5acc0cfc49f0c7ea17435caf065ba22ab
  languageName: node
  linkType: hard

"sury@npm:^11.0.0-alpha.2":
  version: 11.0.0-alpha.2
  resolution: "sury@npm:11.0.0-alpha.2"
  peerDependencies:
    rescript: 11.x
  peerDependenciesMeta:
    rescript:
      optional: true
  checksum: 10c0/254dd708608b125defc6b4be0f038df0f6704290df60504b70b7cd613f1e840d150ff65a3f23dbc7213f2b18b86fdc60400b4361ca46f5c86bbe7360eff9c84a
  languageName: node
  linkType: hard

"testrepo@workspace:.":
  version: 0.0.0-use.local
  resolution: "testrepo@workspace:."
  dependencies:
    rescript: "npm:12.0.0-beta.1"
  languageName: unknown
  linkType: soft
