# This file is generated by running "yarn install" inside your project.
# Manual changes might be lost - proceed with caution!

__metadata:
  version: 8
  cacheKey: 10c0

"@rescript/darwin-arm64@https://pkg.pr.new/rescript-lang/rescript/@rescript/darwin-arm64@6cac813afdfe7b86803256838ac3ce09f7eed641":
  version: 12.0.0-alpha.15
  resolution: "@rescript/darwin-arm64@https://pkg.pr.new/rescript-lang/rescript/@rescript/darwin-arm64@6cac813afdfe7b86803256838ac3ce09f7eed641"
  conditions: os=darwin & cpu=arm64
  languageName: node
  linkType: hard

"@rescript/darwin-x64@https://pkg.pr.new/rescript-lang/rescript/@rescript/darwin-x64@6cac813afdfe7b86803256838ac3ce09f7eed641":
  version: 12.0.0-alpha.15
  resolution: "@rescript/darwin-x64@https://pkg.pr.new/rescript-lang/rescript/@rescript/darwin-x64@6cac813afdfe7b86803256838ac3ce09f7eed641"
  conditions: os=darwin & cpu=x64
  languageName: node
  linkType: hard

"@rescript/linux-arm64@https://pkg.pr.new/rescript-lang/rescript/@rescript/linux-arm64@6cac813afdfe7b86803256838ac3ce09f7eed641":
  version: 12.0.0-alpha.15
  resolution: "@rescript/linux-arm64@https://pkg.pr.new/rescript-lang/rescript/@rescript/linux-arm64@6cac813afdfe7b86803256838ac3ce09f7eed641"
  conditions: os=linux & cpu=arm64
  languageName: node
  linkType: hard

"@rescript/linux-x64@https://pkg.pr.new/rescript-lang/rescript/@rescript/linux-x64@6cac813afdfe7b86803256838ac3ce09f7eed641":
  version: 12.0.0-alpha.15
  resolution: "@rescript/linux-x64@https://pkg.pr.new/rescript-lang/rescript/@rescript/linux-x64@6cac813afdfe7b86803256838ac3ce09f7eed641"
  conditions: os=linux & cpu=x64
  languageName: node
  linkType: hard

"@rescript/win32-x64@https://pkg.pr.new/rescript-lang/rescript/@rescript/win32-x64@6cac813afdfe7b86803256838ac3ce09f7eed641":
  version: 12.0.0-alpha.15
  resolution: "@rescript/win32-x64@https://pkg.pr.new/rescript-lang/rescript/@rescript/win32-x64@6cac813afdfe7b86803256838ac3ce09f7eed641"
  conditions: os=win32 & cpu=x64
  languageName: node
  linkType: hard

"@testrepo/compiled-by-legacy@npm:*, @testrepo/compiled-by-legacy@workspace:packages/compiled-by-legacy":
  version: 0.0.0-use.local
  resolution: "@testrepo/compiled-by-legacy@workspace:packages/compiled-by-legacy"
  languageName: unknown
  linkType: soft

"@testrepo/dep01@npm:*, @testrepo/dep01@workspace:packages/dep01":
  version: 0.0.0-use.local
  resolution: "@testrepo/dep01@workspace:packages/dep01"
  dependencies:
    "@testrepo/dep02": "npm:*"
  languageName: unknown
  linkType: soft

"@testrepo/dep02@npm:*, @testrepo/dep02@workspace:packages/dep02":
  version: 0.0.0-use.local
  resolution: "@testrepo/dep02@workspace:packages/dep02"
  languageName: unknown
  linkType: soft

"@testrepo/main@workspace:packages/main":
  version: 0.0.0-use.local
  resolution: "@testrepo/main@workspace:packages/main"
  dependencies:
    "@testrepo/compiled-by-legacy": "npm:*"
    "@testrepo/dep01": "npm:*"
  languageName: unknown
  linkType: soft

"@testrepo/namespace-casing@workspace:packages/namespace-casing":
  version: 0.0.0-use.local
  resolution: "@testrepo/namespace-casing@workspace:packages/namespace-casing"
  languageName: unknown
  linkType: soft

"@testrepo/new-namespace@workspace:packages/new-namespace":
  version: 0.0.0-use.local
  resolution: "@testrepo/new-namespace@workspace:packages/new-namespace"
  languageName: unknown
  linkType: soft

"@testrepo/with-dev-deps@workspace:packages/with-dev-deps":
  version: 0.0.0-use.local
  resolution: "@testrepo/with-dev-deps@workspace:packages/with-dev-deps"
  languageName: unknown
  linkType: soft

"rescript@https://pkg.pr.new/rescript-lang/rescript@6cac813":
  version: 12.0.0-alpha.15
  resolution: "rescript@https://pkg.pr.new/rescript-lang/rescript@6cac813"
  dependencies:
    "@rescript/darwin-arm64": "https://pkg.pr.new/rescript-lang/rescript/@rescript/darwin-arm64@6cac813afdfe7b86803256838ac3ce09f7eed641"
    "@rescript/darwin-x64": "https://pkg.pr.new/rescript-lang/rescript/@rescript/darwin-x64@6cac813afdfe7b86803256838ac3ce09f7eed641"
    "@rescript/linux-arm64": "https://pkg.pr.new/rescript-lang/rescript/@rescript/linux-arm64@6cac813afdfe7b86803256838ac3ce09f7eed641"
    "@rescript/linux-x64": "https://pkg.pr.new/rescript-lang/rescript/@rescript/linux-x64@6cac813afdfe7b86803256838ac3ce09f7eed641"
    "@rescript/win32-x64": "https://pkg.pr.new/rescript-lang/rescript/@rescript/win32-x64@6cac813afdfe7b86803256838ac3ce09f7eed641"
  dependenciesMeta:
    "@rescript/darwin-arm64":
      optional: true
    "@rescript/darwin-x64":
      optional: true
    "@rescript/linux-arm64":
      optional: true
    "@rescript/linux-x64":
      optional: true
    "@rescript/win32-x64":
      optional: true
  bin:
    bsc: cli/bsc.js
    bstracing: cli/bstracing.js
    rescript: cli/rescript.js
    rescript-legacy: cli/rescript-legacy.js
    rescript-tools: cli/rescript-tools.js
  checksum: 10c0/9ffce64bb8d440ba97ac038e7421a2eb92a6902c0a004101533fdd508990c939bcd1b8aa1da6914fcf678aeefd9f98bd613c675adf46ddfcdd81dd56024ae969
  languageName: node
  linkType: hard

"testrepo@workspace:.":
  version: 0.0.0-use.local
  resolution: "testrepo@workspace:."
  dependencies:
    rescript: "https://pkg.pr.new/rescript-lang/rescript@6cac813"
  languageName: unknown
  linkType: soft
